
Microsoft Visual Studio Solution File, Format Version 12.00
Project("{FAE04EC0-301F-11D3-BF4B-00C04F79EFBC}") = "API", "API\API.csproj", "{8372DF7C-DD99-4443-8746-797E7D4004C2}"
EndProject
Project("{FAE04EC0-301F-11D3-BF4B-00C04F79EFBC}") = "DAL", "DAL\DAL.csproj", "{5EF96BF7-3FF1-4128-96AB-383395C63652}"
EndProject
Project("{FAE04EC0-301F-11D3-BF4B-00C04F79EFBC}") = "Repository", "Repository\Repository.csproj", "{6D8C51F1-CF99-4A13-81BF-B56EFEE02590}"
EndProject
Global
	GlobalSection(SolutionConfigurationPlatforms) = preSolution
		Debug|Any CPU = Debug|Any CPU
		Release|Any CPU = Release|Any CPU
	EndGlobalSection
	GlobalSection(ProjectConfigurationPlatforms) = postSolution
		{8372DF7C-DD99-4443-8746-797E7D4004C2}.Debug|Any CPU.ActiveCfg = Debug|Any CPU
		{8372DF7C-DD99-4443-8746-797E7D4004C2}.Debug|Any CPU.Build.0 = Debug|Any CPU
		{8372DF7C-DD99-4443-8746-797E7D4004C2}.Release|Any CPU.ActiveCfg = Release|Any CPU
		{8372DF7C-DD99-4443-8746-797E7D4004C2}.Release|Any CPU.Build.0 = Release|Any CPU
		{5EF96BF7-3FF1-4128-96AB-383395C63652}.Debug|Any CPU.ActiveCfg = Debug|Any CPU
		{5EF96BF7-3FF1-4128-96AB-383395C63652}.Debug|Any CPU.Build.0 = Debug|Any CPU
		{5EF96BF7-3FF1-4128-96AB-383395C63652}.Release|Any CPU.ActiveCfg = Release|Any CPU
		{5EF96BF7-3FF1-4128-96AB-383395C63652}.Release|Any CPU.Build.0 = Release|Any CPU
		{6D8C51F1-CF99-4A13-81BF-B56EFEE02590}.Debug|Any CPU.ActiveCfg = Debug|Any CPU
		{6D8C51F1-CF99-4A13-81BF-B56EFEE02590}.Debug|Any CPU.Build.0 = Debug|Any CPU
		{6D8C51F1-CF99-4A13-81BF-B56EFEE02590}.Release|Any CPU.ActiveCfg = Release|Any CPU
		{6D8C51F1-CF99-4A13-81BF-B56EFEE02590}.Release|Any CPU.Build.0 = Release|Any CPU
	EndGlobalSection
EndGlobal
